
Microsoft Visual Studio Solution File, Format Version 12.00
# Visual Studio Version 17
VisualStudioVersion = 17.6.33723.286
MinimumVisualStudioVersion = 10.0.40219.1
Project("{FAE04EC0-301F-11D3-BF4B-00C04F79EFBC}") = "IntegrationAngular.v.01", "IntegrationAngular.v.01\IntegrationAngular.v.01.csproj", "{CD411A54-965C-4166-9141-ABCB8767DAA5}"
EndProject
Global
	GlobalSection(SolutionConfigurationPlatforms) = preSolution
		Debug|Any CPU = Debug|Any CPU
		Release|Any CPU = Release|Any CPU
	EndGlobalSection
	GlobalSection(ProjectConfigurationPlatforms) = postSolution
		{CD411A54-965C-4166-9141-ABCB8767DAA5}.Debug|Any CPU.ActiveCfg = Debug|Any CPU
		{CD411A54-965C-4166-9141-ABCB8767DAA5}.Debug|Any CPU.Build.0 = Debug|Any CPU
		{CD411A54-965C-4166-9141-ABCB8767DAA5}.Release|Any CPU.ActiveCfg = Release|Any CPU
		{CD411A54-965C-4166-9141-ABCB8767DAA5}.Release|Any CPU.Build.0 = Release|Any CPU
	EndGlobalSection
	GlobalSection(SolutionProperties) = preSolution
		HideSolutionNode = FALSE
	EndGlobalSection
	GlobalSection(ExtensibilityGlobals) = postSolution
		SolutionGuid = {DB5A3867-C271-4960-8D6B-7A24AC2E401B}
	EndGlobalSection
EndGlobal
